
Microsoft Visual Studio Solution File, Format Version 10.00
# Visual C# Express 2008
Project("{FAE04EC0-301F-11D3-BF4B-00C04F79EFBC}") = "maturski", "maturski\maturski.csproj", "{D6C5D2B9-6DE5-433F-BADC-5719C7D055D4}"
EndProject
Global
	GlobalSection(SolutionConfigurationPlatforms) = preSolution
		Debug|Any CPU = Debug|Any CPU
		Release|Any CPU = Release|Any CPU
	EndGlobalSection
	GlobalSection(ProjectConfigurationPlatforms) = postSolution
		{D6C5D2B9-6DE5-433F-BADC-5719C7D055D4}.Debug|Any CPU.ActiveCfg = Debug|Any CPU
		{D6C5D2B9-6DE5-433F-BADC-5719C7D055D4}.Debug|Any CPU.Build.0 = Debug|Any CPU
		{D6C5D2B9-6DE5-433F-BADC-5719C7D055D4}.Release|Any CPU.ActiveCfg = Release|Any CPU
		{D6C5D2B9-6DE5-433F-BADC-5719C7D055D4}.Release|Any CPU.Build.0 = Release|Any CPU
	EndGlobalSection
	GlobalSection(SolutionProperties) = preSolution
		HideSolutionNode = FALSE
	EndGlobalSection
EndGlobal
